{
    "name": "alumni-book",
    "version": "1.0.0",
    "lockfileVersion": 3,
    "requires": true,
    "packages": {
        "": {
            "name": "alumni-book",
            "version": "1.0.0",
            "hasInstallScript": true,
            "license": "ISC",
            "devDependencies": {
                "concurrently": "^5.3.0"
            },
            "engines": {
                "node": "14.x"
            }
        }
    }
}
